
Microsoft Visual Studio Solution File, Format Version 12.00
# Visual Studio 15
VisualStudioVersion = 15.0.26124.0
MinimumVisualStudioVersion = 15.0.26124.0
Project("{FAE04EC0-301F-11D3-BF4B-00C04F79EFBC}") = "FileCart", "FileCart\FileCart.csproj", "{90CF3AB8-BE92-4C79-A6ED-20FC51FE2630}"
EndProject
Project("{FAE04EC0-301F-11D3-BF4B-00C04F79EFBC}") = "FileCartTest", "FileCartTest\FileCartTest.csproj", "{2CE0D999-586A-40DE-BEA1-FFEF58F4EE6C}"
EndProject
Global
	GlobalSection(SolutionConfigurationPlatforms) = preSolution
		Debug|Any CPU = Debug|Any CPU
		Debug|x64 = Debug|x64
		Debug|x86 = Debug|x86
		Release|Any CPU = Release|Any CPU
		Release|x64 = Release|x64
		Release|x86 = Release|x86
	EndGlobalSection
	GlobalSection(SolutionProperties) = preSolution
		HideSolutionNode = FALSE
	EndGlobalSection
	GlobalSection(ProjectConfigurationPlatforms) = postSolution
		{90CF3AB8-BE92-4C79-A6ED-20FC51FE2630}.Debug|Any CPU.ActiveCfg = Debug|Any CPU
		{90CF3AB8-BE92-4C79-A6ED-20FC51FE2630}.Debug|Any CPU.Build.0 = Debug|Any CPU
		{90CF3AB8-BE92-4C79-A6ED-20FC51FE2630}.Debug|x64.ActiveCfg = Debug|Any CPU
		{90CF3AB8-BE92-4C79-A6ED-20FC51FE2630}.Debug|x64.Build.0 = Debug|Any CPU
		{90CF3AB8-BE92-4C79-A6ED-20FC51FE2630}.Debug|x86.ActiveCfg = Debug|Any CPU
		{90CF3AB8-BE92-4C79-A6ED-20FC51FE2630}.Debug|x86.Build.0 = Debug|Any CPU
		{90CF3AB8-BE92-4C79-A6ED-20FC51FE2630}.Release|Any CPU.ActiveCfg = Release|Any CPU
		{90CF3AB8-BE92-4C79-A6ED-20FC51FE2630}.Release|Any CPU.Build.0 = Release|Any CPU
		{90CF3AB8-BE92-4C79-A6ED-20FC51FE2630}.Release|x64.ActiveCfg = Release|Any CPU
		{90CF3AB8-BE92-4C79-A6ED-20FC51FE2630}.Release|x64.Build.0 = Release|Any CPU
		{90CF3AB8-BE92-4C79-A6ED-20FC51FE2630}.Release|x86.ActiveCfg = Release|Any CPU
		{90CF3AB8-BE92-4C79-A6ED-20FC51FE2630}.Release|x86.Build.0 = Release|Any CPU
		{2CE0D999-586A-40DE-BEA1-FFEF58F4EE6C}.Debug|Any CPU.ActiveCfg = Debug|Any CPU
		{2CE0D999-586A-40DE-BEA1-FFEF58F4EE6C}.Debug|Any CPU.Build.0 = Debug|Any CPU
		{2CE0D999-586A-40DE-BEA1-FFEF58F4EE6C}.Debug|x64.ActiveCfg = Debug|Any CPU
		{2CE0D999-586A-40DE-BEA1-FFEF58F4EE6C}.Debug|x64.Build.0 = Debug|Any CPU
		{2CE0D999-586A-40DE-BEA1-FFEF58F4EE6C}.Debug|x86.ActiveCfg = Debug|Any CPU
		{2CE0D999-586A-40DE-BEA1-FFEF58F4EE6C}.Debug|x86.Build.0 = Debug|Any CPU
		{2CE0D999-586A-40DE-BEA1-FFEF58F4EE6C}.Release|Any CPU.ActiveCfg = Release|Any CPU
		{2CE0D999-586A-40DE-BEA1-FFEF58F4EE6C}.Release|Any CPU.Build.0 = Release|Any CPU
		{2CE0D999-586A-40DE-BEA1-FFEF58F4EE6C}.Release|x64.ActiveCfg = Release|Any CPU
		{2CE0D999-586A-40DE-BEA1-FFEF58F4EE6C}.Release|x64.Build.0 = Release|Any CPU
		{2CE0D999-586A-40DE-BEA1-FFEF58F4EE6C}.Release|x86.ActiveCfg = Release|Any CPU
		{2CE0D999-586A-40DE-BEA1-FFEF58F4EE6C}.Release|x86.Build.0 = Release|Any CPU
	EndGlobalSection
EndGlobal
